// !$*UTF8*$!
{
	archiveVersion = 1;
	classes = {
	};
	objectVersion = 50;
	objects = {

/* Begin PBXBuildFile section */
		D81809C724D8F19600901782 /* main.cpp in Sources */ = {isa = PBXBuildFile; fileRef = D81809C624D8F19600901782 /* main.cpp */; };
		D81809CA24D8FA0E00901782 /* patient.cpp in Sources */ = {isa = PBXBuildFile; fileRef = D81809C824D8FA0E00901782 /* patient.cpp */; };
		D81809CF24DA4ED300901782 /* appointment.cpp in Sources */ = {isa = PBXBuildFile; fileRef = D81809CD24DA4ED300901782 /* appointment.cpp */; };
		D81809D324DA4F0400901782 /* showAppointment.cpp in Sources */ = {isa = PBXBuildFile; fileRef = D81809D124DA4F0400901782 /* showAppointment.cpp */; };
		D81809D724DA4F3400901782 /* menu.cpp in Sources */ = {isa = PBXBuildFile; fileRef = D81809D524DA4F3400901782 /* menu.cpp */; };
/* End PBXBuildFile section */

/* Begin PBXCopyFilesBuildPhase section */
		D81809BA24D8EFF000901782 /* CopyFiles */ = {
			isa = PBXCopyFilesBuildPhase;
			buildActionMask = 2147483647;
			dstPath = /usr/share/man/man1/;
			dstSubfolderSpec = 0;
			files = (
			);
			runOnlyForDeploymentPostprocessing = 1;
		};
/* End PBXCopyFilesBuildPhase section */

/* Begin PBXFileReference section */
		D81809BC24D8EFF000901782 /* MedicalApplication */ = {isa = PBXFileReference; explicitFileType = "compiled.mach-o.executable"; includeInIndex = 0; path = MedicalApplication; sourceTree = BUILT_PRODUCTS_DIR; };
		D81809C624D8F19600901782 /* main.cpp */ = {isa = PBXFileReference; fileEncoding = 4; lastKnownFileType = sourcecode.cpp.cpp; path = main.cpp; sourceTree = "<group>"; };
		D81809C824D8FA0E00901782 /* patient.cpp */ = {isa = PBXFileReference; lastKnownFileType = sourcecode.cpp.cpp; path = patient.cpp; sourceTree = "<group>"; };
		D81809C924D8FA0E00901782 /* patient.hpp */ = {isa = PBXFileReference; lastKnownFileType = sourcecode.cpp.h; path = patient.hpp; sourceTree = "<group>"; };
		D81809CD24DA4ED300901782 /* appointment.cpp */ = {isa = PBXFileReference; lastKnownFileType = sourcecode.cpp.cpp; path = appointment.cpp; sourceTree = "<group>"; };
		D81809CE24DA4ED300901782 /* appointment.hpp */ = {isa = PBXFileReference; lastKnownFileType = sourcecode.cpp.h; path = appointment.hpp; sourceTree = "<group>"; };
		D81809D124DA4F0400901782 /* showAppointment.cpp */ = {isa = PBXFileReference; lastKnownFileType = sourcecode.cpp.cpp; path = showAppointment.cpp; sourceTree = "<group>"; };
		D81809D224DA4F0400901782 /* showAppointment.hpp */ = {isa = PBXFileReference; lastKnownFileType = sourcecode.cpp.h; path = showAppointment.hpp; sourceTree = "<group>"; };
		D81809D524DA4F3400901782 /* menu.cpp */ = {isa = PBXFileReference; lastKnownFileType = sourcecode.cpp.cpp; path = menu.cpp; sourceTree = "<group>"; };
		D81809D624DA4F3400901782 /* menu.hpp */ = {isa = PBXFileReference; lastKnownFileType = sourcecode.cpp.h; path = menu.hpp; sourceTree = "<group>"; };
/* End PBXFileReference section */

/* Begin PBXFrameworksBuildPhase section */
		D81809B924D8EFF000901782 /* Frameworks */ = {
			isa = PBXFrameworksBuildPhase;
			buildActionMask = 2147483647;
			files = (
			);
			runOnlyForDeploymentPostprocessing = 0;
		};
/* End PBXFrameworksBuildPhase section */

/* Begin PBXGroup section */
		D81809B324D8EFF000901782 = {
			isa = PBXGroup;
			children = (
				D81809BE24D8EFF000901782 /* MedicalApplication */,
				D81809BD24D8EFF000901782 /* Products */,
			);
			sourceTree = "<group>";
		};
		D81809BD24D8EFF000901782 /* Products */ = {
			isa = PBXGroup;
			children = (
				D81809BC24D8EFF000901782 /* MedicalApplication */,
			);
			name = Products;
			sourceTree = "<group>";
		};
		D81809BE24D8EFF000901782 /* MedicalApplication */ = {
			isa = PBXGroup;
			children = (
				D81809C624D8F19600901782 /* main.cpp */,
				D81809D824DA4F3700901782 /* Menu */,
				D81809CC24D8FC1700901782 /* Create Patient */,
				D81809D024DA4EE600901782 /* Create Appointment */,
				D81809D424DA4F0700901782 /* Show Appointment */,
			);
			path = MedicalApplication;
			sourceTree = "<group>";
		};
		D81809CC24D8FC1700901782 /* Create Patient */ = {
			isa = PBXGroup;
			children = (
				D81809C824D8FA0E00901782 /* patient.cpp */,
				D81809C924D8FA0E00901782 /* patient.hpp */,
			);
			path = "Create Patient";
			sourceTree = "<group>";
		};
		D81809D024DA4EE600901782 /* Create Appointment */ = {
			isa = PBXGroup;
			children = (
				D81809CD24DA4ED300901782 /* appointment.cpp */,
				D81809CE24DA4ED300901782 /* appointment.hpp */,
			);
			path = "Create Appointment";
			sourceTree = "<group>";
		};
		D81809D424DA4F0700901782 /* Show Appointment */ = {
			isa = PBXGroup;
			children = (
				D81809D124DA4F0400901782 /* showAppointment.cpp */,
				D81809D224DA4F0400901782 /* showAppointment.hpp */,
			);
			path = "Show Appointment";
			sourceTree = "<group>";
		};
		D81809D824DA4F3700901782 /* Menu */ = {
			isa = PBXGroup;
			children = (
				D81809D524DA4F3400901782 /* menu.cpp */,
				D81809D624DA4F3400901782 /* menu.hpp */,
			);
			path = Menu;
			sourceTree = "<group>";
		};
/* End PBXGroup section */

/* Begin PBXNativeTarget section */
		D81809BB24D8EFF000901782 /* MedicalApplication */ = {
			isa = PBXNativeTarget;
			buildConfigurationList = D81809C324D8EFF000901782 /* Build configuration list for PBXNativeTarget "MedicalApplication" */;
			buildPhases = (
				D81809B824D8EFF000901782 /* Sources */,
				D81809B924D8EFF000901782 /* Frameworks */,
				D81809BA24D8EFF000901782 /* CopyFiles */,
			);
			buildRules = (
			);
			dependencies = (
			);
			name = MedicalApplication;
			productName = MedicalApplication;
			productReference = D81809BC24D8EFF000901782 /* MedicalApplication */;
			productType = "com.apple.product-type.tool";
		};
/* End PBXNativeTarget section */

/* Begin PBXProject section */
		D81809B424D8EFF000901782 /* Project object */ = {
			isa = PBXProject;
			attributes = {
				LastUpgradeCheck = 1130;
				ORGANIZATIONNAME = "Farhan Syed";
				TargetAttributes = {
					D81809BB24D8EFF000901782 = {
						CreatedOnToolsVersion = 11.3;
					};
				};
			};
			buildConfigurationList = D81809B724D8EFF000901782 /* Build configuration list for PBXProject "MedicalApplication" */;
			compatibilityVersion = "Xcode 9.3";
			developmentRegion = en;
			hasScannedForEncodings = 0;
			knownRegions = (
				en,
				Base,
			);
			mainGroup = D81809B324D8EFF000901782;
			productRefGroup = D81809BD24D8EFF000901782 /* Products */;
			projectDirPath = "";
			projectRoot = "";
			targets = (
				D81809BB24D8EFF000901782 /* MedicalApplication */,
			);
		};
/* End PBXProject section */

/* Begin PBXSourcesBuildPhase section */
		D81809B824D8EFF000901782 /* Sources */ = {
			isa = PBXSourcesBuildPhase;
			buildActionMask = 2147483647;
			files = (
				D81809D324DA4F0400901782 /* showAppointment.cpp in Sources */,
				D81809C724D8F19600901782 /* main.cpp in Sources */,
				D81809CA24D8FA0E00901782 /* patient.cpp in Sources */,
				D81809D724DA4F3400901782 /* menu.cpp in Sources */,
				D81809CF24DA4ED300901782 /* appointment.cpp in Sources */,
			);
			runOnlyForDeploymentPostprocessing = 0;
		};
/* End PBXSourcesBuildPhase section */

/* Begin XCBuildConfiguration section */
		D81809C124D8EFF000901782 /* Debug */ = {
			isa = XCBuildConfiguration;
			buildSettings = {
				ALWAYS_SEARCH_USER_PATHS = NO;
				CLANG_ANALYZER_NONNULL = YES;
				CLANG_ANALYZER_NUMBER_OBJECT_CONVERSION = YES_AGGRESSIVE;
				CLANG_CXX_LANGUAGE_STANDARD = "gnu++14";
				CLANG_CXX_LIBRARY = "libc++";
				CLANG_ENABLE_MODULES = YES;
				CLANG_ENABLE_OBJC_ARC = YES;
				CLANG_ENABLE_OBJC_WEAK = YES;
				CLANG_WARN_BLOCK_CAPTURE_AUTORELEASING = YES;
				CLANG_WARN_BOOL_CONVERSION = YES;
				CLANG_WARN_COMMA = YES;
				CLANG_WARN_CONSTANT_CONVERSION = YES;
				CLANG_WARN_DEPRECATED_OBJC_IMPLEMENTATIONS = YES;
				CLANG_WARN_DIRECT_OBJC_ISA_USAGE = YES_ERROR;
				CLANG_WARN_DOCUMENTATION_COMMENTS = YES;
				CLANG_WARN_EMPTY_BODY = YES;
				CLANG_WARN_ENUM_CONVERSION = YES;
				CLANG_WARN_INFINITE_RECURSION = YES;
				CLANG_WARN_INT_CONVERSION = YES;
				CLANG_WARN_NON_LITERAL_NULL_CONVERSION = YES;
				CLANG_WARN_OBJC_IMPLICIT_RETAIN_SELF = YES;
				CLANG_WARN_OBJC_LITERAL_CONVERSION = YES;
				CLANG_WARN_OBJC_ROOT_CLASS = YES_ERROR;
				CLANG_WARN_RANGE_LOOP_ANALYSIS = YES;
				CLANG_WARN_STRICT_PROTOTYPES = YES;
				CLANG_WARN_SUSPICIOUS_MOVE = YES;
				CLANG_WARN_UNGUARDED_AVAILABILITY = YES_AGGRESSIVE;
				CLANG_WARN_UNREACHABLE_CODE = YES;
				CLANG_WARN__DUPLICATE_METHOD_MATCH = YES;
				COPY_PHASE_STRIP = NO;
				DEBUG_INFORMATION_FORMAT = dwarf;
				ENABLE_STRICT_OBJC_MSGSEND = YES;
				ENABLE_TESTABILITY = YES;
				GCC_C_LANGUAGE_STANDARD = gnu11;
				GCC_DYNAMIC_NO_PIC = NO;
				GCC_NO_COMMON_BLOCKS = YES;
				GCC_OPTIMIZATION_LEVEL = 0;
				GCC_PREPROCESSOR_DEFINITIONS = (
					"DEBUG=1",
					"$(inherited)",
				);
				GCC_WARN_64_TO_32_BIT_CONVERSION = YES;
				GCC_WARN_ABOUT_RETURN_TYPE = YES_ERROR;
				GCC_WARN_UNDECLARED_SELECTOR = YES;
				GCC_WARN_UNINITIALIZED_AUTOS = YES_AGGRESSIVE;
				GCC_WARN_UNUSED_FUNCTION = YES;
				GCC_WARN_UNUSED_VARIABLE = YES;
				MACOSX_DEPLOYMENT_TARGET = 10.14;
				MTL_ENABLE_DEBUG_INFO = INCLUDE_SOURCE;
				MTL_FAST_MATH = YES;
				ONLY_ACTIVE_ARCH = YES;
				SDKROOT = macosx;
			};
			name = Debug;
		};
		D81809C224D8EFF000901782 /* Release */ = {
			isa = XCBuildConfiguration;
			buildSettings = {
				ALWAYS_SEARCH_USER_PATHS = NO;
				CLANG_ANALYZER_NONNULL = YES;
				CLANG_ANALYZER_NUMBER_OBJECT_CONVERSION = YES_AGGRESSIVE;
				CLANG_CXX_LANGUAGE_STANDARD = "gnu++14";
				CLANG_CXX_LIBRARY = "libc++";
				CLANG_ENABLE_MODULES = YES;
				CLANG_ENABLE_OBJC_ARC = YES;
				CLANG_ENABLE_OBJC_WEAK = YES;
				CLANG_WARN_BLOCK_CAPTURE_AUTORELEASING = YES;
				CLANG_WARN_BOOL_CONVERSION = YES;
				CLANG_WARN_COMMA = YES;
				CLANG_WARN_CONSTANT_CONVERSION = YES;
				CLANG_WARN_DEPRECATED_OBJC_IMPLEMENTATIONS = YES;
				CLANG_WARN_DIRECT_OBJC_ISA_USAGE = YES_ERROR;
				CLANG_WARN_DOCUMENTATION_COMMENTS = YES;
				CLANG_WARN_EMPTY_BODY = YES;
				CLANG_WARN_ENUM_CONVERSION = YES;
				CLANG_WARN_INFINITE_RECURSION = YES;
				CLANG_WARN_INT_CONVERSION = YES;
				CLANG_WARN_NON_LITERAL_NULL_CONVERSION = YES;
				CLANG_WARN_OBJC_IMPLICIT_RETAIN_SELF = YES;
				CLANG_WARN_OBJC_LITERAL_CONVERSION = YES;
				CLANG_WARN_OBJC_ROOT_CLASS = YES_ERROR;
				CLANG_WARN_RANGE_LOOP_ANALYSIS = YES;
				CLANG_WARN_STRICT_PROTOTYPES = YES;
				CLANG_WARN_SUSPICIOUS_MOVE = YES;
				CLANG_WARN_UNGUARDED_AVAILABILITY = YES_AGGRESSIVE;
				CLANG_WARN_UNREACHABLE_CODE = YES;
				CLANG_WARN__DUPLICATE_METHOD_MATCH = YES;
				COPY_PHASE_STRIP = NO;
				DEBUG_INFORMATION_FORMAT = "dwarf-with-dsym";
				ENABLE_NS_ASSERTIONS = NO;
				ENABLE_STRICT_OBJC_MSGSEND = YES;
				GCC_C_LANGUAGE_STANDARD = gnu11;
				GCC_NO_COMMON_BLOCKS = YES;
				GCC_WARN_64_TO_32_BIT_CONVERSION = YES;
				GCC_WARN_ABOUT_RETURN_TYPE = YES_ERROR;
				GCC_WARN_UNDECLARED_SELECTOR = YES;
				GCC_WARN_UNINITIALIZED_AUTOS = YES_AGGRESSIVE;
				GCC_WARN_UNUSED_FUNCTION = YES;
				GCC_WARN_UNUSED_VARIABLE = YES;
				MACOSX_DEPLOYMENT_TARGET = 10.14;
				MTL_ENABLE_DEBUG_INFO = NO;
				MTL_FAST_MATH = YES;
				SDKROOT = macosx;
			};
			name = Release;
		};
		D81809C424D8EFF000901782 /* Debug */ = {
			isa = XCBuildConfiguration;
			buildSettings = {
				CODE_SIGN_STYLE = Automatic;
				PRODUCT_NAME = "$(TARGET_NAME)";
			};
			name = Debug;
		};
		D81809C524D8EFF000901782 /* Release */ = {
			isa = XCBuildConfiguration;
			buildSettings = {
				CODE_SIGN_STYLE = Automatic;
				PRODUCT_NAME = "$(TARGET_NAME)";
			};
			name = Release;
		};
/* End XCBuildConfiguration section */

/* Begin XCConfigurationList section */
		D81809B724D8EFF000901782 /* Build configuration list for PBXProject "MedicalApplication" */ = {
			isa = XCConfigurationList;
			buildConfigurations = (
				D81809C124D8EFF000901782 /* Debug */,
				D81809C224D8EFF000901782 /* Release */,
			);
			defaultConfigurationIsVisible = 0;
			defaultConfigurationName = Release;
		};
		D81809C324D8EFF000901782 /* Build configuration list for PBXNativeTarget "MedicalApplication" */ = {
			isa = XCConfigurationList;
			buildConfigurations = (
				D81809C424D8EFF000901782 /* Debug */,
				D81809C524D8EFF000901782 /* Release */,
			);
			defaultConfigurationIsVisible = 0;
			defaultConfigurationName = Release;
		};
/* End XCConfigurationList section */
	};
	rootObject = D81809B424D8EFF000901782 /* Project object */;
}
